<?xml version="1.0" encoding="utf-8"?>
<Project ToolsVersion="4.0" xmlns="http://schemas.microsoft.com/developer/msbuild/2003">
  <ItemGroup>
    <Filter Include="Source Files">
      <UniqueIdentifier>{4FC737F1-C7A5-4376-A066-2A32D752A2FF}</UniqueIdentifier>
      <Extensions>cpp;c;cc;cxx;def;odl;idl;hpj;bat;asm;asmx</Extensions>
    </Filter>
    <Filter Include="Header Files">
      <UniqueIdentifier>{93995380-89BD-4b04-88EB-625FBE52EBFB}</UniqueIdentifier>
      <Extensions>h;hpp;hxx;hm;inl;inc;xsd</Extensions>
    </Filter>
    <Filter Include="Resource Files">
      <UniqueIdentifier>{67DA6AB6-F800-4c08-8B7A-83BB121AAD01}</UniqueIdentifier>
      <Extensions>rc;ico;cur;bmp;dlg;rc2;rct;bin;rgs;gif;jpg;jpeg;jpe;resx;tiff;tif;png;wav;mfcribbon-ms</Extensions>
    </Filter>
    <Filter Include="Component">
      <UniqueIdentifier>{66da6904-f6e3-4b15-ab8e-d09e2f518736}</UniqueIdentifier>
    </Filter>
    <Filter Include="Scenes">
      <UniqueIdentifier>{f0c2e563-2ba6-466e-9040-cba469a8cc7d}</UniqueIdentifier>
    </Filter>
    <Filter Include="Scenes\Gameover">
      <UniqueIdentifier>{e273191d-e010-4d20-9cc8-259b6160145a}</UniqueIdentifier>
    </Filter>
    <Filter Include="Scenes\Game">
      <UniqueIdentifier>{417a700b-8fcf-41f3-b069-2d68c46e82ba}</UniqueIdentifier>
    </Filter>
  </ItemGroup>
  <ItemGroup>
    <None Include="ReadMe.txt" />
  </ItemGroup>
  <ItemGroup>
    <ClInclude Include="stdafx.h">
      <Filter>Header Files</Filter>
    </ClInclude>
    <ClInclude Include="targetver.h">
      <Filter>Header Files</Filter>
    </ClInclude>
    <ClInclude Include="Animation.h">
      <Filter>Header Files</Filter>
    </ClInclude>
    <ClInclude Include="Renderer.h">
      <Filter>Header Files</Filter>
    </ClInclude>
    <ClInclude Include="Renderable.h">
      <Filter>Header Files</Filter>
    </ClInclude>
    <ClInclude Include="TextureLists.h">
      <Filter>Header Files</Filter>
    </ClInclude>
    <ClInclude Include="HiScore.h">
      <Filter>Header Files</Filter>
    </ClInclude>
    <ClInclude Include="Scene.h">
      <Filter>Header Files</Filter>
    </ClInclude>
    <ClInclude Include="Component.h">
      <Filter>Component</Filter>
    </ClInclude>
    <ClInclude Include="Menu.h">
      <Filter>Component</Filter>
    </ClInclude>
    <ClInclude Include="EventDispatcher.h">
      <Filter>Component</Filter>
    </ClInclude>
    <ClInclude Include="StartScene.h">
      <Filter>Component</Filter>
    </ClInclude>
    <ClInclude Include="AIPlayer.h">
      <Filter>Header Files</Filter>
    </ClInclude>
    <ClInclude Include="Player.h">
      <Filter>Header Files</Filter>
    </ClInclude>
    <ClInclude Include="GameOverScene.h">
      <Filter>Scenes\Gameover</Filter>
    </ClInclude>
    <ClInclude Include="GameScene.h">
      <Filter>Scenes\Game</Filter>
    </ClInclude>
    <ClInclude Include="GameAIScene.h">
      <Filter>Scenes\Game</Filter>
    </ClInclude>
    <ClInclude Include="Block.h">
      <Filter>Scenes\Game</Filter>
    </ClInclude>
  </ItemGroup>
  <ItemGroup>
    <ClCompile Include="stdafx.cpp">
      <Filter>Source Files</Filter>
    </ClCompile>
    <ClCompile Include="ColumnsGame.cpp">
      <Filter>Source Files</Filter>
    </ClCompile>
    <ClCompile Include="Animation.cpp">
      <Filter>Source Files</Filter>
    </ClCompile>
    <ClCompile Include="Renderer.cpp">
      <Filter>Source Files</Filter>
    </ClCompile>
    <ClCompile Include="Renderable.cpp">
      <Filter>Source Files</Filter>
    </ClCompile>
    <ClCompile Include="HiScore.cpp">
      <Filter>Source Files</Filter>
    </ClCompile>
    <ClCompile Include="Scene.cpp">
      <Filter>Source Files</Filter>
    </ClCompile>
    <ClCompile Include="Menu.cpp">
      <Filter>Component</Filter>
    </ClCompile>
    <ClCompile Include="EventDispatcher.cpp">
      <Filter>Component</Filter>
    </ClCompile>
    <ClCompile Include="StartScene.cpp">
      <Filter>Component</Filter>
    </ClCompile>
    <ClCompile Include="Player.cpp">
      <Filter>Source Files</Filter>
    </ClCompile>
    <ClCompile Include="GameOverScene.cpp">
      <Filter>Scenes\Gameover</Filter>
    </ClCompile>
    <ClCompile Include="GameAIScene.cpp">
      <Filter>Scenes\Game</Filter>
    </ClCompile>
    <ClCompile Include="GameScene.cpp">
      <Filter>Scenes\Game</Filter>
    </ClCompile>
    <ClCompile Include="AIPlayer.cpp">
      <Filter>Scenes\Game</Filter>
    </ClCompile>
    <ClCompile Include="Block.cpp">
      <Filter>Scenes\Game</Filter>
    </ClCompile>
  </ItemGroup>
</Project>